PODS:
  - Alamofire (5.10.2)
  - CTMediator (48)
  - HandyJSON (5.0.2)
  - JSONModel (1.8.0)
  - MBProgressHUD (1.2.0)
  - MJRefresh (3.7.9)
  - Moya (15.0.0):
    - Moya/Core (= 15.0.0)
  - Moya/Core (15.0.0):
    - Alamofire (~> 5.0)
  - PowerBaseLibrary (1.1.1):
    - Alamofire
    - CTMediator
    - HandyJSON
    - JSONModel
    - MBProgressHUD
    - MJRefresh
    - Moya
    - RxCocoa
    - RxSwift
    - SDWebImage
  - RxCocoa (6.9.0):
    - RxRelay (= 6.9.0)
    - RxSwift (= 6.9.0)
  - RxRelay (6.9.0):
    - RxSwift (= 6.9.0)
  - RxSwift (6.9.0)
  - SDWebImage (5.21.1):
    - SDWebImage/Core (= 5.21.1)
  - SDWebImage/Core (5.21.1)

DEPENDENCIES:
  - PowerBaseLibrary (from `../`)

SPEC REPOS:
  https://github.com/CocoaPods/Specs.git:
    - Alamofire
    - CTMediator
    - HandyJSON
    - JSONModel
    - MBProgressHUD
    - MJRefresh
    - Moya
    - RxCocoa
    - RxRelay
    - RxSwift
    - SDWebImage

EXTERNAL SOURCES:
  PowerBaseLibrary:
    :path: "../"

SPEC CHECKSUMS:
  Alamofire: 7193b3b92c74a07f85569e1a6c4f4237291e7496
  CTMediator: 3f3578b525b3a46a7a2f92a99922ec40363f4269
  HandyJSON: 9e4e236f5d2dbefad5155a77417bbea438201c03
  JSONModel: 02ab723958366a3fd27da57ea2af2113658762e9
  MBProgressHUD: 3ee5efcc380f6a79a7cc9b363dd669c5e1ae7406
  MJRefresh: ff9e531227924c84ce459338414550a05d2aea78
  Moya: 138f0573e53411fb3dc17016add0b748dfbd78ee
  PowerBaseLibrary: 14b0233317e766325cbcdcfd0510290812a26639
  RxCocoa: ac16414696ae706516be3e1ab00fcce5bdc9be8a
  RxRelay: 6b0c930e5cef57d5fe2032571e5e65b78e3cbdb1
  RxSwift: 31649ace6aceeb422e16ff71c60804f9c3281ed9
  SDWebImage: f29024626962457f3470184232766516dee8dfea

PODFILE CHECKSUM: 61db352889f4a1e1a2fadf24a5389a9fc9c4e50f

COCOAPODS: 1.16.2
